
Microsoft Visual Studio Solution File, Format Version 12.00
# Visual Studio Version 17
VisualStudioVersion = 17.3.32901.215
MinimumVisualStudioVersion = 10.0.40219.1
Project("{FAE04EC0-301F-11D3-BF4B-00C04F79EFBC}") = "OOP_Lab_8", "OOP_Lab_8\OOP_Lab_8.csproj", "{6CDD7231-0923-461C-8085-BD720A8BA025}"
EndProject
Global
	GlobalSection(SolutionConfigurationPlatforms) = preSolution
		Debug|Any CPU = Debug|Any CPU
		Release|Any CPU = Release|Any CPU
	EndGlobalSection
	GlobalSection(ProjectConfigurationPlatforms) = postSolution
		{6CDD7231-0923-461C-8085-BD720A8BA025}.Debug|Any CPU.ActiveCfg = Debug|Any CPU
		{6CDD7231-0923-461C-8085-BD720A8BA025}.Debug|Any CPU.Build.0 = Debug|Any CPU
		{6CDD7231-0923-461C-8085-BD720A8BA025}.Release|Any CPU.ActiveCfg = Release|Any CPU
		{6CDD7231-0923-461C-8085-BD720A8BA025}.Release|Any CPU.Build.0 = Release|Any CPU
	EndGlobalSection
	GlobalSection(SolutionProperties) = preSolution
		HideSolutionNode = FALSE
	EndGlobalSection
	GlobalSection(ExtensibilityGlobals) = postSolution
		SolutionGuid = {066F2D71-A1F6-47C1-844A-6A41AFD865DB}
	EndGlobalSection
EndGlobal
